// !$*UTF8*$!
{
	archiveVersion = 1;
	classes = {
	};
	objectVersion = 46;
	objects = {

/* Begin PBXBuildFile section */
		4215AED21DE2093600C65E9E /* VKFriend.swift in Sources */ = {isa = PBXBuildFile; fileRef = 4215AED11DE2093600C65E9E /* VKFriend.swift */; };
		4215AED41DE20F2100C65E9E /* MainTabBarController.swift in Sources */ = {isa = PBXBuildFile; fileRef = 4215AED31DE20F2100C65E9E /* MainTabBarController.swift */; };
		4215AED61DE25CA700C65E9E /* FriendTableViewCell.swift in Sources */ = {isa = PBXBuildFile; fileRef = 4215AED51DE25CA700C65E9E /* FriendTableViewCell.swift */; };
		42B714981DEA06A600A0A785 /* FriendsOnMapViewController.swift in Sources */ = {isa = PBXBuildFile; fileRef = 42B714971DEA06A600A0A785 /* FriendsOnMapViewController.swift */; };
		42B714A01DEDBFC600A0A785 /* circle-blue.jpg in Resources */ = {isa = PBXBuildFile; fileRef = 42B7149F1DEDBFC600A0A785 /* circle-blue.jpg */; };
		42FC4B091DDCEEC900C1BCDD /* AppDelegate.swift in Sources */ = {isa = PBXBuildFile; fileRef = 42FC4B081DDCEEC900C1BCDD /* AppDelegate.swift */; };
		42FC4B0E1DDCEEC900C1BCDD /* Main.storyboard in Resources */ = {isa = PBXBuildFile; fileRef = 42FC4B0C1DDCEEC900C1BCDD /* Main.storyboard */; };
		42FC4B101DDCEEC900C1BCDD /* Assets.xcassets in Resources */ = {isa = PBXBuildFile; fileRef = 42FC4B0F1DDCEEC900C1BCDD /* Assets.xcassets */; };
		42FC4B131DDCEEC900C1BCDD /* LaunchScreen.storyboard in Resources */ = {isa = PBXBuildFile; fileRef = 42FC4B111DDCEEC900C1BCDD /* LaunchScreen.storyboard */; };
		42FC4B1B1DE0F5DF00C1BCDD /* Constants.swift in Sources */ = {isa = PBXBuildFile; fileRef = 42FC4B1A1DE0F5DF00C1BCDD /* Constants.swift */; };
		42FC4B1F1DE0F7CD00C1BCDD /* VKWorker.swift in Sources */ = {isa = PBXBuildFile; fileRef = 42FC4B1E1DE0F7CD00C1BCDD /* VKWorker.swift */; };
		42FC4B211DE0FC9300C1BCDD /* BaseVKDelegate.swift in Sources */ = {isa = PBXBuildFile; fileRef = 42FC4B201DE0FC9300C1BCDD /* BaseVKDelegate.swift */; };
		42FC4B231DE19E5D00C1BCDD /* CoreLocation.framework in Frameworks */ = {isa = PBXBuildFile; fileRef = 42FC4B221DE19E5D00C1BCDD /* CoreLocation.framework */; };
		42FC4B251DE19E6A00C1BCDD /* MapKit.framework in Frameworks */ = {isa = PBXBuildFile; fileRef = 42FC4B241DE19E6A00C1BCDD /* MapKit.framework */; };
		42FC4B271DE1A87F00C1BCDD /* FriendsListViewController.swift in Sources */ = {isa = PBXBuildFile; fileRef = 42FC4B261DE1A87F00C1BCDD /* FriendsListViewController.swift */; };
		F006111474E23273D0B52C2F /* Pods_VKFriends.framework in Frameworks */ = {isa = PBXBuildFile; fileRef = 55415E0B77DCD23404791B4A /* Pods_VKFriends.framework */; };
/* End PBXBuildFile section */

/* Begin PBXFileReference section */
		4215AEC81DE1C6AA00C65E9E /* VKFriends.entitlements */ = {isa = PBXFileReference; lastKnownFileType = text.plist.entitlements; path = VKFriends.entitlements; sourceTree = "<group>"; };
		4215AED11DE2093600C65E9E /* VKFriend.swift */ = {isa = PBXFileReference; fileEncoding = 4; lastKnownFileType = sourcecode.swift; path = VKFriend.swift; sourceTree = "<group>"; };
		4215AED31DE20F2100C65E9E /* MainTabBarController.swift */ = {isa = PBXFileReference; fileEncoding = 4; lastKnownFileType = sourcecode.swift; path = MainTabBarController.swift; sourceTree = "<group>"; };
		4215AED51DE25CA700C65E9E /* FriendTableViewCell.swift */ = {isa = PBXFileReference; fileEncoding = 4; lastKnownFileType = sourcecode.swift; path = FriendTableViewCell.swift; sourceTree = "<group>"; };
		42B714971DEA06A600A0A785 /* FriendsOnMapViewController.swift */ = {isa = PBXFileReference; fileEncoding = 4; lastKnownFileType = sourcecode.swift; path = FriendsOnMapViewController.swift; sourceTree = "<group>"; };
		42B7149F1DEDBFC600A0A785 /* circle-blue.jpg */ = {isa = PBXFileReference; lastKnownFileType = image.jpeg; path = "circle-blue.jpg"; sourceTree = "<group>"; };
		42FC4B051DDCEEC900C1BCDD /* VKFriends.app */ = {isa = PBXFileReference; explicitFileType = wrapper.application; includeInIndex = 0; path = VKFriends.app; sourceTree = BUILT_PRODUCTS_DIR; };
		42FC4B081DDCEEC900C1BCDD /* AppDelegate.swift */ = {isa = PBXFileReference; lastKnownFileType = sourcecode.swift; path = AppDelegate.swift; sourceTree = "<group>"; };
		42FC4B0D1DDCEEC900C1BCDD /* Base */ = {isa = PBXFileReference; lastKnownFileType = file.storyboard; name = Base; path = Base.lproj/Main.storyboard; sourceTree = "<group>"; };
		42FC4B0F1DDCEEC900C1BCDD /* Assets.xcassets */ = {isa = PBXFileReference; lastKnownFileType = folder.assetcatalog; path = Assets.xcassets; sourceTree = "<group>"; };
		42FC4B121DDCEEC900C1BCDD /* Base */ = {isa = PBXFileReference; lastKnownFileType = file.storyboard; name = Base; path = Base.lproj/LaunchScreen.storyboard; sourceTree = "<group>"; };
		42FC4B141DDCEEC900C1BCDD /* Info.plist */ = {isa = PBXFileReference; lastKnownFileType = text.plist.xml; path = Info.plist; sourceTree = "<group>"; };
		42FC4B1A1DE0F5DF00C1BCDD /* Constants.swift */ = {isa = PBXFileReference; fileEncoding = 4; lastKnownFileType = sourcecode.swift; path = Constants.swift; sourceTree = "<group>"; };
		42FC4B1E1DE0F7CD00C1BCDD /* VKWorker.swift */ = {isa = PBXFileReference; fileEncoding = 4; lastKnownFileType = sourcecode.swift; path = VKWorker.swift; sourceTree = "<group>"; };
		42FC4B201DE0FC9300C1BCDD /* BaseVKDelegate.swift */ = {isa = PBXFileReference; fileEncoding = 4; lastKnownFileType = sourcecode.swift; path = BaseVKDelegate.swift; sourceTree = "<group>"; };
		42FC4B221DE19E5D00C1BCDD /* CoreLocation.framework */ = {isa = PBXFileReference; lastKnownFileType = wrapper.framework; name = CoreLocation.framework; path = System/Library/Frameworks/CoreLocation.framework; sourceTree = SDKROOT; };
		42FC4B241DE19E6A00C1BCDD /* MapKit.framework */ = {isa = PBXFileReference; lastKnownFileType = wrapper.framework; name = MapKit.framework; path = System/Library/Frameworks/MapKit.framework; sourceTree = SDKROOT; };
		42FC4B261DE1A87F00C1BCDD /* FriendsListViewController.swift */ = {isa = PBXFileReference; fileEncoding = 4; lastKnownFileType = sourcecode.swift; path = FriendsListViewController.swift; sourceTree = "<group>"; };
		55415E0B77DCD23404791B4A /* Pods_VKFriends.framework */ = {isa = PBXFileReference; explicitFileType = wrapper.framework; includeInIndex = 0; path = Pods_VKFriends.framework; sourceTree = BUILT_PRODUCTS_DIR; };
		7396F7DFA4251A756115C769 /* Pods-VKFriends.debug.xcconfig */ = {isa = PBXFileReference; includeInIndex = 1; lastKnownFileType = text.xcconfig; name = "Pods-VKFriends.debug.xcconfig"; path = "Pods/Target Support Files/Pods-VKFriends/Pods-VKFriends.debug.xcconfig"; sourceTree = "<group>"; };
		74365A6A08D026ED3316FC3F /* Pods-VKFriends.release.xcconfig */ = {isa = PBXFileReference; includeInIndex = 1; lastKnownFileType = text.xcconfig; name = "Pods-VKFriends.release.xcconfig"; path = "Pods/Target Support Files/Pods-VKFriends/Pods-VKFriends.release.xcconfig"; sourceTree = "<group>"; };
/* End PBXFileReference section */

/* Begin PBXFrameworksBuildPhase section */
		42FC4B021DDCEEC900C1BCDD /* Frameworks */ = {
			isa = PBXFrameworksBuildPhase;
			buildActionMask = 2147483647;
			files = (
				42FC4B251DE19E6A00C1BCDD /* MapKit.framework in Frameworks */,
				42FC4B231DE19E5D00C1BCDD /* CoreLocation.framework in Frameworks */,
				F006111474E23273D0B52C2F /* Pods_VKFriends.framework in Frameworks */,
			);
			runOnlyForDeploymentPostprocessing = 0;
		};
/* End PBXFrameworksBuildPhase section */

/* Begin PBXGroup section */
		32B43230D26DB413131897BB /* Frameworks */ = {
			isa = PBXGroup;
			children = (
				42FC4B241DE19E6A00C1BCDD /* MapKit.framework */,
				42FC4B221DE19E5D00C1BCDD /* CoreLocation.framework */,
				55415E0B77DCD23404791B4A /* Pods_VKFriends.framework */,
			);
			name = Frameworks;
			sourceTree = "<group>";
		};
		42B7149E1DEDBFC600A0A785 /* Resources */ = {
			isa = PBXGroup;
			children = (
				42B7149F1DEDBFC600A0A785 /* circle-blue.jpg */,
			);
			path = Resources;
			sourceTree = SOURCE_ROOT;
		};
		42FC4AFC1DDCEEC900C1BCDD = {
			isa = PBXGroup;
			children = (
				42FC4B071DDCEEC900C1BCDD /* VKFriends */,
				42FC4B061DDCEEC900C1BCDD /* Products */,
				B370BDC010C9951989C8C0E9 /* Pods */,
				32B43230D26DB413131897BB /* Frameworks */,
			);
			sourceTree = "<group>";
		};
		42FC4B061DDCEEC900C1BCDD /* Products */ = {
			isa = PBXGroup;
			children = (
				42FC4B051DDCEEC900C1BCDD /* VKFriends.app */,
			);
			name = Products;
			sourceTree = "<group>";
		};
		42FC4B071DDCEEC900C1BCDD /* VKFriends */ = {
			isa = PBXGroup;
			children = (
				42B7149E1DEDBFC600A0A785 /* Resources */,
				4215AEC81DE1C6AA00C65E9E /* VKFriends.entitlements */,
				42FC4B081DDCEEC900C1BCDD /* AppDelegate.swift */,
				42FC4B201DE0FC9300C1BCDD /* BaseVKDelegate.swift */,
				42FC4B1E1DE0F7CD00C1BCDD /* VKWorker.swift */,
				42B714971DEA06A600A0A785 /* FriendsOnMapViewController.swift */,
				4215AED31DE20F2100C65E9E /* MainTabBarController.swift */,
				4215AED11DE2093600C65E9E /* VKFriend.swift */,
				42FC4B261DE1A87F00C1BCDD /* FriendsListViewController.swift */,
				42FC4B0C1DDCEEC900C1BCDD /* Main.storyboard */,
				4215AED51DE25CA700C65E9E /* FriendTableViewCell.swift */,
				42FC4B1A1DE0F5DF00C1BCDD /* Constants.swift */,
				42FC4B0F1DDCEEC900C1BCDD /* Assets.xcassets */,
				42FC4B111DDCEEC900C1BCDD /* LaunchScreen.storyboard */,
				42FC4B141DDCEEC900C1BCDD /* Info.plist */,
			);
			path = VKFriends;
			sourceTree = "<group>";
		};
		B370BDC010C9951989C8C0E9 /* Pods */ = {
			isa = PBXGroup;
			children = (
				7396F7DFA4251A756115C769 /* Pods-VKFriends.debug.xcconfig */,
				74365A6A08D026ED3316FC3F /* Pods-VKFriends.release.xcconfig */,
			);
			name = Pods;
			sourceTree = "<group>";
		};
/* End PBXGroup section */

/* Begin PBXNativeTarget section */
		42FC4B041DDCEEC900C1BCDD /* VKFriends */ = {
			isa = PBXNativeTarget;
			buildConfigurationList = 42FC4B171DDCEEC900C1BCDD /* Build configuration list for PBXNativeTarget "VKFriends" */;
			buildPhases = (
				D278EB245D168822B96A332E /* [CP] Check Pods Manifest.lock */,
				42FC4B011DDCEEC900C1BCDD /* Sources */,
				42FC4B021DDCEEC900C1BCDD /* Frameworks */,
				42FC4B031DDCEEC900C1BCDD /* Resources */,
				2C9983CB491C53B096E9F944 /* [CP] Embed Pods Frameworks */,
				8FC0BA686C78E744C9D6DF6D /* [CP] Copy Pods Resources */,
			);
			buildRules = (
			);
			dependencies = (
			);
			name = VKFriends;
			productName = VKFriends;
			productReference = 42FC4B051DDCEEC900C1BCDD /* VKFriends.app */;
			productType = "com.apple.product-type.application";
		};
/* End PBXNativeTarget section */

/* Begin PBXProject section */
		42FC4AFD1DDCEEC900C1BCDD /* Project object */ = {
			isa = PBXProject;
			attributes = {
				LastSwiftUpdateCheck = 0810;
				LastUpgradeCheck = 0810;
				ORGANIZATIONNAME = "Yana Ivanova";
				TargetAttributes = {
					42FC4B041DDCEEC900C1BCDD = {
						CreatedOnToolsVersion = 8.1;
						DevelopmentTeam = 7PVFF8573R;
						ProvisioningStyle = Automatic;
						SystemCapabilities = {
							com.apple.Keychain = {
								enabled = 1;
							};
						};
					};
				};
			};
			buildConfigurationList = 42FC4B001DDCEEC900C1BCDD /* Build configuration list for PBXProject "VKFriends" */;
			compatibilityVersion = "Xcode 3.2";
			developmentRegion = English;
			hasScannedForEncodings = 0;
			knownRegions = (
				en,
				Base,
			);
			mainGroup = 42FC4AFC1DDCEEC900C1BCDD;
			productRefGroup = 42FC4B061DDCEEC900C1BCDD /* Products */;
			projectDirPath = "";
			projectRoot = "";
			targets = (
				42FC4B041DDCEEC900C1BCDD /* VKFriends */,
			);
		};
/* End PBXProject section */

/* Begin PBXResourcesBuildPhase section */
		42FC4B031DDCEEC900C1BCDD /* Resources */ = {
			isa = PBXResourcesBuildPhase;
			buildActionMask = 2147483647;
			files = (
				42FC4B131DDCEEC900C1BCDD /* LaunchScreen.storyboard in Resources */,
				42B714A01DEDBFC600A0A785 /* circle-blue.jpg in Resources */,
				42FC4B101DDCEEC900C1BCDD /* Assets.xcassets in Resources */,
				42FC4B0E1DDCEEC900C1BCDD /* Main.storyboard in Resources */,
			);
			runOnlyForDeploymentPostprocessing = 0;
		};
/* End PBXResourcesBuildPhase section */

/* Begin PBXShellScriptBuildPhase section */
		2C9983CB491C53B096E9F944 /* [CP] Embed Pods Frameworks */ = {
			isa = PBXShellScriptBuildPhase;
			buildActionMask = 2147483647;
			files = (
			);
			inputPaths = (
			);
			name = "[CP] Embed Pods Frameworks";
			outputPaths = (
			);
			runOnlyForDeploymentPostprocessing = 0;
			shellPath = /bin/sh;
			shellScript = "\"${SRCROOT}/Pods/Target Support Files/Pods-VKFriends/Pods-VKFriends-frameworks.sh\"\n";
			showEnvVarsInLog = 0;
		};
		8FC0BA686C78E744C9D6DF6D /* [CP] Copy Pods Resources */ = {
			isa = PBXShellScriptBuildPhase;
			buildActionMask = 2147483647;
			files = (
			);
			inputPaths = (
			);
			name = "[CP] Copy Pods Resources";
			outputPaths = (
			);
			runOnlyForDeploymentPostprocessing = 0;
			shellPath = /bin/sh;
			shellScript = "\"${SRCROOT}/Pods/Target Support Files/Pods-VKFriends/Pods-VKFriends-resources.sh\"\n";
			showEnvVarsInLog = 0;
		};
		D278EB245D168822B96A332E /* [CP] Check Pods Manifest.lock */ = {
			isa = PBXShellScriptBuildPhase;
			buildActionMask = 2147483647;
			files = (
			);
			inputPaths = (
			);
			name = "[CP] Check Pods Manifest.lock";
			outputPaths = (
			);
			runOnlyForDeploymentPostprocessing = 0;
			shellPath = /bin/sh;
			shellScript = "diff \"${PODS_ROOT}/../Podfile.lock\" \"${PODS_ROOT}/Manifest.lock\" > /dev/null\nif [ $? != 0 ] ; then\n    # print error to STDERR\n    echo \"error: The sandbox is not in sync with the Podfile.lock. Run 'pod install' or update your CocoaPods installation.\" >&2\n    exit 1\nfi\n";
			showEnvVarsInLog = 0;
		};
/* End PBXShellScriptBuildPhase section */

/* Begin PBXSourcesBuildPhase section */
		42FC4B011DDCEEC900C1BCDD /* Sources */ = {
			isa = PBXSourcesBuildPhase;
			buildActionMask = 2147483647;
			files = (
				42FC4B211DE0FC9300C1BCDD /* BaseVKDelegate.swift in Sources */,
				42FC4B1F1DE0F7CD00C1BCDD /* VKWorker.swift in Sources */,
				4215AED21DE2093600C65E9E /* VKFriend.swift in Sources */,
				4215AED41DE20F2100C65E9E /* MainTabBarController.swift in Sources */,
				42FC4B271DE1A87F00C1BCDD /* FriendsListViewController.swift in Sources */,
				42FC4B091DDCEEC900C1BCDD /* AppDelegate.swift in Sources */,
				42FC4B1B1DE0F5DF00C1BCDD /* Constants.swift in Sources */,
				4215AED61DE25CA700C65E9E /* FriendTableViewCell.swift in Sources */,
				42B714981DEA06A600A0A785 /* FriendsOnMapViewController.swift in Sources */,
			);
			runOnlyForDeploymentPostprocessing = 0;
		};
/* End PBXSourcesBuildPhase section */

/* Begin PBXVariantGroup section */
		42FC4B0C1DDCEEC900C1BCDD /* Main.storyboard */ = {
			isa = PBXVariantGroup;
			children = (
				42FC4B0D1DDCEEC900C1BCDD /* Base */,
			);
			name = Main.storyboard;
			sourceTree = "<group>";
		};
		42FC4B111DDCEEC900C1BCDD /* LaunchScreen.storyboard */ = {
			isa = PBXVariantGroup;
			children = (
				42FC4B121DDCEEC900C1BCDD /* Base */,
			);
			name = LaunchScreen.storyboard;
			sourceTree = "<group>";
		};
/* End PBXVariantGroup section */

/* Begin XCBuildConfiguration section */
		42FC4B151DDCEEC900C1BCDD /* Debug */ = {
			isa = XCBuildConfiguration;
			buildSettings = {
				ALWAYS_SEARCH_USER_PATHS = NO;
				CLANG_ANALYZER_NONNULL = YES;
				CLANG_CXX_LANGUAGE_STANDARD = "gnu++0x";
				CLANG_CXX_LIBRARY = "libc++";
				CLANG_ENABLE_MODULES = YES;
				CLANG_ENABLE_OBJC_ARC = YES;
				CLANG_WARN_BOOL_CONVERSION = YES;
				CLANG_WARN_CONSTANT_CONVERSION = YES;
				CLANG_WARN_DIRECT_OBJC_ISA_USAGE = YES_ERROR;
				CLANG_WARN_DOCUMENTATION_COMMENTS = YES;
				CLANG_WARN_EMPTY_BODY = YES;
				CLANG_WARN_ENUM_CONVERSION = YES;
				CLANG_WARN_INFINITE_RECURSION = YES;
				CLANG_WARN_INT_CONVERSION = YES;
				CLANG_WARN_OBJC_ROOT_CLASS = YES_ERROR;
				CLANG_WARN_SUSPICIOUS_MOVES = YES;
				CLANG_WARN_UNREACHABLE_CODE = YES;
				CLANG_WARN__DUPLICATE_METHOD_MATCH = YES;
				"CODE_SIGN_IDENTITY[sdk=iphoneos*]" = "iPhone Developer";
				COPY_PHASE_STRIP = NO;
				DEBUG_INFORMATION_FORMAT = dwarf;
				ENABLE_STRICT_OBJC_MSGSEND = YES;
				ENABLE_TESTABILITY = YES;
				GCC_C_LANGUAGE_STANDARD = gnu99;
				GCC_DYNAMIC_NO_PIC = NO;
				GCC_NO_COMMON_BLOCKS = YES;
				GCC_OPTIMIZATION_LEVEL = 0;
				GCC_PREPROCESSOR_DEFINITIONS = (
					"DEBUG=1",
					"$(inherited)",
				);
				GCC_WARN_64_TO_32_BIT_CONVERSION = YES;
				GCC_WARN_ABOUT_RETURN_TYPE = YES_ERROR;
				GCC_WARN_UNDECLARED_SELECTOR = YES;
				GCC_WARN_UNINITIALIZED_AUTOS = YES_AGGRESSIVE;
				GCC_WARN_UNUSED_FUNCTION = YES;
				GCC_WARN_UNUSED_VARIABLE = YES;
				IPHONEOS_DEPLOYMENT_TARGET = 10.1;
				MTL_ENABLE_DEBUG_INFO = YES;
				ONLY_ACTIVE_ARCH = YES;
				SDKROOT = iphoneos;
				SWIFT_ACTIVE_COMPILATION_CONDITIONS = DEBUG;
				SWIFT_OPTIMIZATION_LEVEL = "-Onone";
				TARGETED_DEVICE_FAMILY = "1,2";
			};
			name = Debug;
		};
		42FC4B161DDCEEC900C1BCDD /* Release */ = {
			isa = XCBuildConfiguration;
			buildSettings = {
				ALWAYS_SEARCH_USER_PATHS = NO;
				CLANG_ANALYZER_NONNULL = YES;
				CLANG_CXX_LANGUAGE_STANDARD = "gnu++0x";
				CLANG_CXX_LIBRARY = "libc++";
				CLANG_ENABLE_MODULES = YES;
				CLANG_ENABLE_OBJC_ARC = YES;
				CLANG_WARN_BOOL_CONVERSION = YES;
				CLANG_WARN_CONSTANT_CONVERSION = YES;
				CLANG_WARN_DIRECT_OBJC_ISA_USAGE = YES_ERROR;
				CLANG_WARN_DOCUMENTATION_COMMENTS = YES;
				CLANG_WARN_EMPTY_BODY = YES;
				CLANG_WARN_ENUM_CONVERSION = YES;
				CLANG_WARN_INFINITE_RECURSION = YES;
				CLANG_WARN_INT_CONVERSION = YES;
				CLANG_WARN_OBJC_ROOT_CLASS = YES_ERROR;
				CLANG_WARN_SUSPICIOUS_MOVES = YES;
				CLANG_WARN_UNREACHABLE_CODE = YES;
				CLANG_WARN__DUPLICATE_METHOD_MATCH = YES;
				"CODE_SIGN_IDENTITY[sdk=iphoneos*]" = "iPhone Developer";
				COPY_PHASE_STRIP = NO;
				DEBUG_INFORMATION_FORMAT = "dwarf-with-dsym";
				ENABLE_NS_ASSERTIONS = NO;
				ENABLE_STRICT_OBJC_MSGSEND = YES;
				GCC_C_LANGUAGE_STANDARD = gnu99;
				GCC_NO_COMMON_BLOCKS = YES;
				GCC_WARN_64_TO_32_BIT_CONVERSION = YES;
				GCC_WARN_ABOUT_RETURN_TYPE = YES_ERROR;
				GCC_WARN_UNDECLARED_SELECTOR = YES;
				GCC_WARN_UNINITIALIZED_AUTOS = YES_AGGRESSIVE;
				GCC_WARN_UNUSED_FUNCTION = YES;
				GCC_WARN_UNUSED_VARIABLE = YES;
				IPHONEOS_DEPLOYMENT_TARGET = 10.1;
				MTL_ENABLE_DEBUG_INFO = NO;
				SDKROOT = iphoneos;
				SWIFT_OPTIMIZATION_LEVEL = "-Owholemodule";
				TARGETED_DEVICE_FAMILY = "1,2";
				VALIDATE_PRODUCT = YES;
			};
			name = Release;
		};
		42FC4B181DDCEEC900C1BCDD /* Debug */ = {
			isa = XCBuildConfiguration;
			baseConfigurationReference = 7396F7DFA4251A756115C769 /* Pods-VKFriends.debug.xcconfig */;
			buildSettings = {
				ASSETCATALOG_COMPILER_APPICON_NAME = AppIcon;
				CODE_SIGN_ENTITLEMENTS = VKFriends/VKFriends.entitlements;
				DEVELOPMENT_TEAM = 7PVFF8573R;
				INFOPLIST_FILE = VKFriends/Info.plist;
				LD_RUNPATH_SEARCH_PATHS = "$(inherited) @executable_path/Frameworks";
				PRODUCT_BUNDLE_IDENTIFIER = com.IvanovaYana.VKFriends;
				PRODUCT_NAME = "$(TARGET_NAME)";
				SWIFT_VERSION = 3.0;
			};
			name = Debug;
		};
		42FC4B191DDCEEC900C1BCDD /* Release */ = {
			isa = XCBuildConfiguration;
			baseConfigurationReference = 74365A6A08D026ED3316FC3F /* Pods-VKFriends.release.xcconfig */;
			buildSettings = {
				ASSETCATALOG_COMPILER_APPICON_NAME = AppIcon;
				CODE_SIGN_ENTITLEMENTS = VKFriends/VKFriends.entitlements;
				DEVELOPMENT_TEAM = 7PVFF8573R;
				INFOPLIST_FILE = VKFriends/Info.plist;
				LD_RUNPATH_SEARCH_PATHS = "$(inherited) @executable_path/Frameworks";
				PRODUCT_BUNDLE_IDENTIFIER = com.IvanovaYana.VKFriends;
				PRODUCT_NAME = "$(TARGET_NAME)";
				SWIFT_VERSION = 3.0;
			};
			name = Release;
		};
/* End XCBuildConfiguration section */

/* Begin XCConfigurationList section */
		42FC4B001DDCEEC900C1BCDD /* Build configuration list for PBXProject "VKFriends" */ = {
			isa = XCConfigurationList;
			buildConfigurations = (
				42FC4B151DDCEEC900C1BCDD /* Debug */,
				42FC4B161DDCEEC900C1BCDD /* Release */,
			);
			defaultConfigurationIsVisible = 0;
			defaultConfigurationName = Release;
		};
		42FC4B171DDCEEC900C1BCDD /* Build configuration list for PBXNativeTarget "VKFriends" */ = {
			isa = XCConfigurationList;
			buildConfigurations = (
				42FC4B181DDCEEC900C1BCDD /* Debug */,
				42FC4B191DDCEEC900C1BCDD /* Release */,
			);
			defaultConfigurationIsVisible = 0;
			defaultConfigurationName = Release;
		};
/* End XCConfigurationList section */
	};
	rootObject = 42FC4AFD1DDCEEC900C1BCDD /* Project object */;
}
